
Microsoft Visual Studio Solution File, Format Version 12.00
# Visual Studio 14
VisualStudioVersion = 14.0.25420.1
MinimumVisualStudioVersion = 10.0.40219.1
Project("{FAE04EC0-301F-11D3-BF4B-00C04F79EFBC}") = "AMLLC.MVC.ADMONSITE", "AMLLC.MVC.ADMONSITE\AMLLC.MVC.ADMONSITE.csproj", "{B38D90AB-7C7F-437F-9141-BA2FD559CE58}"
EndProject
Project("{FAE04EC0-301F-11D3-BF4B-00C04F79EFBC}") = "AMLLC.MVC.COMMON", "AMLLC.MVC.COMMON\AMLLC.MVC.COMMON.csproj", "{AD975AA6-06E2-467A-9DAC-DC8023C04964}"
EndProject
Project("{FAE04EC0-301F-11D3-BF4B-00C04F79EFBC}") = "AMLLC.CORE.DLL", "AMLLC.CORE.DLL\AMLLC.CORE.DLL.csproj", "{690EA202-AC2F-4FE4-89C5-B174D0ED20A9}"
EndProject
Project("{FAE04EC0-301F-11D3-BF4B-00C04F79EFBC}") = "AMLLC.MVC.APICLIENT", "AMLLC.MVC.BUSINESS\AMLLC.MVC.APICLIENT.csproj", "{8DFDE0CD-0F3A-43F6-B81C-9000336EC14E}"
EndProject
Project("{FAE04EC0-301F-11D3-BF4B-00C04F79EFBC}") = "AMLLC.MVC.TEST", "AMLLC.MVC.TEST\AMLLC.MVC.TEST.csproj", "{136A38B7-118C-4AA1-A6AB-77E08D023648}"
EndProject
Global
	GlobalSection(SolutionConfigurationPlatforms) = preSolution
		Debug|Any CPU = Debug|Any CPU
		Release|Any CPU = Release|Any CPU
	EndGlobalSection
	GlobalSection(ProjectConfigurationPlatforms) = postSolution
		{B38D90AB-7C7F-437F-9141-BA2FD559CE58}.Debug|Any CPU.ActiveCfg = Debug|Any CPU
		{B38D90AB-7C7F-437F-9141-BA2FD559CE58}.Debug|Any CPU.Build.0 = Debug|Any CPU
		{B38D90AB-7C7F-437F-9141-BA2FD559CE58}.Release|Any CPU.ActiveCfg = Release|Any CPU
		{B38D90AB-7C7F-437F-9141-BA2FD559CE58}.Release|Any CPU.Build.0 = Release|Any CPU
		{AD975AA6-06E2-467A-9DAC-DC8023C04964}.Debug|Any CPU.ActiveCfg = Debug|Any CPU
		{AD975AA6-06E2-467A-9DAC-DC8023C04964}.Debug|Any CPU.Build.0 = Debug|Any CPU
		{AD975AA6-06E2-467A-9DAC-DC8023C04964}.Release|Any CPU.ActiveCfg = Release|Any CPU
		{AD975AA6-06E2-467A-9DAC-DC8023C04964}.Release|Any CPU.Build.0 = Release|Any CPU
		{690EA202-AC2F-4FE4-89C5-B174D0ED20A9}.Debug|Any CPU.ActiveCfg = Debug|Any CPU
		{690EA202-AC2F-4FE4-89C5-B174D0ED20A9}.Debug|Any CPU.Build.0 = Debug|Any CPU
		{690EA202-AC2F-4FE4-89C5-B174D0ED20A9}.Release|Any CPU.ActiveCfg = Release|Any CPU
		{690EA202-AC2F-4FE4-89C5-B174D0ED20A9}.Release|Any CPU.Build.0 = Release|Any CPU
		{8DFDE0CD-0F3A-43F6-B81C-9000336EC14E}.Debug|Any CPU.ActiveCfg = Debug|Any CPU
		{8DFDE0CD-0F3A-43F6-B81C-9000336EC14E}.Debug|Any CPU.Build.0 = Debug|Any CPU
		{8DFDE0CD-0F3A-43F6-B81C-9000336EC14E}.Release|Any CPU.ActiveCfg = Release|Any CPU
		{8DFDE0CD-0F3A-43F6-B81C-9000336EC14E}.Release|Any CPU.Build.0 = Release|Any CPU
		{136A38B7-118C-4AA1-A6AB-77E08D023648}.Debug|Any CPU.ActiveCfg = Debug|Any CPU
		{136A38B7-118C-4AA1-A6AB-77E08D023648}.Debug|Any CPU.Build.0 = Debug|Any CPU
		{136A38B7-118C-4AA1-A6AB-77E08D023648}.Release|Any CPU.ActiveCfg = Release|Any CPU
		{136A38B7-118C-4AA1-A6AB-77E08D023648}.Release|Any CPU.Build.0 = Release|Any CPU
	EndGlobalSection
	GlobalSection(SolutionProperties) = preSolution
		HideSolutionNode = FALSE
	EndGlobalSection
EndGlobal
